
Microsoft Visual Studio Solution File, Format Version 12.00
# Visual Studio 14
VisualStudioVersion = 14.0.23107.0
MinimumVisualStudioVersion = 10.0.40219.1
Project("{FAE04EC0-301F-11D3-BF4B-00C04F79EFBC}") = "Taskbar Toolbox", "Taskbar Toolbox\Taskbar Toolbox\Taskbar Toolbox.csproj", "{BF90D37A-523A-49CB-BEB1-5B0FA3474129}"
EndProject
Project("{FAE04EC0-301F-11D3-BF4B-00C04F79EFBC}") = "Toolbox Editor", "Toolbox Editor\Toolbox Editor.csproj", "{7801401F-2FDE-4D42-B970-4B9CA659267F}"
EndProject
Project("{F184B08F-C81C-45F6-A57F-5ABD9991F28F}") = "ScreenSnap", "ScreenSnap\ScreenSnap.vbproj", "{0273F21B-3D1D-44D5-88C8-62D5D2387402}"
EndProject
Global
	GlobalSection(SolutionConfigurationPlatforms) = preSolution
		Debug|Any CPU = Debug|Any CPU
		Release|Any CPU = Release|Any CPU
	EndGlobalSection
	GlobalSection(ProjectConfigurationPlatforms) = postSolution
		{BF90D37A-523A-49CB-BEB1-5B0FA3474129}.Debug|Any CPU.ActiveCfg = Debug|Any CPU
		{BF90D37A-523A-49CB-BEB1-5B0FA3474129}.Debug|Any CPU.Build.0 = Debug|Any CPU
		{BF90D37A-523A-49CB-BEB1-5B0FA3474129}.Release|Any CPU.ActiveCfg = Release|Any CPU
		{BF90D37A-523A-49CB-BEB1-5B0FA3474129}.Release|Any CPU.Build.0 = Release|Any CPU
		{7801401F-2FDE-4D42-B970-4B9CA659267F}.Debug|Any CPU.ActiveCfg = Debug|Any CPU
		{7801401F-2FDE-4D42-B970-4B9CA659267F}.Debug|Any CPU.Build.0 = Debug|Any CPU
		{7801401F-2FDE-4D42-B970-4B9CA659267F}.Release|Any CPU.ActiveCfg = Release|Any CPU
		{7801401F-2FDE-4D42-B970-4B9CA659267F}.Release|Any CPU.Build.0 = Release|Any CPU
		{0273F21B-3D1D-44D5-88C8-62D5D2387402}.Debug|Any CPU.ActiveCfg = Debug|Any CPU
		{0273F21B-3D1D-44D5-88C8-62D5D2387402}.Debug|Any CPU.Build.0 = Debug|Any CPU
		{0273F21B-3D1D-44D5-88C8-62D5D2387402}.Release|Any CPU.ActiveCfg = Release|Any CPU
		{0273F21B-3D1D-44D5-88C8-62D5D2387402}.Release|Any CPU.Build.0 = Release|Any CPU
	EndGlobalSection
	GlobalSection(SolutionProperties) = preSolution
		HideSolutionNode = FALSE
	EndGlobalSection
EndGlobal
